
Microsoft Visual Studio Solution File, Format Version 12.00
# Visual Studio Version 17
VisualStudioVersion = 17.6.33829.357
MinimumVisualStudioVersion = 10.0.40219.1
Project("{9A19103F-16F7-4668-BE54-9A1E7A4F7556}") = "DikayaMagiya", "DikayaMagiya.csproj", "{08BF9013-5EFB-47A1-9585-4043EE66873F}"
EndProject
Global
	GlobalSection(SolutionConfigurationPlatforms) = preSolution
		Debug|Any CPU = Debug|Any CPU
		Release|Any CPU = Release|Any CPU
	EndGlobalSection
	GlobalSection(ProjectConfigurationPlatforms) = postSolution
		{08BF9013-5EFB-47A1-9585-4043EE66873F}.Debug|Any CPU.ActiveCfg = Debug|Any CPU
		{08BF9013-5EFB-47A1-9585-4043EE66873F}.Debug|Any CPU.Build.0 = Debug|Any CPU
		{08BF9013-5EFB-47A1-9585-4043EE66873F}.Release|Any CPU.ActiveCfg = Release|Any CPU
		{08BF9013-5EFB-47A1-9585-4043EE66873F}.Release|Any CPU.Build.0 = Release|Any CPU
	EndGlobalSection
	GlobalSection(SolutionProperties) = preSolution
		HideSolutionNode = FALSE
	EndGlobalSection
	GlobalSection(ExtensibilityGlobals) = postSolution
		SolutionGuid = {6C6502EC-38EB-4117-B5F3-828D4BBD16A8}
	EndGlobalSection
EndGlobal
